data.aws_ami.ubuntu: Reading...
data.aws_availability_zones.azs: Reading...
data.aws_availability_zones.azs: Read complete after 1s [id=us-east-1]
data.aws_ami.ubuntu: Read complete after 2s [id=ami-04680790a315cd58d]

Terraform used the selected providers to generate the following execution
plan. Resource actions are indicated with the following symbols:
  + create

Terraform will perform the following actions:

  # aws_eip.nat will be created
  + resource "aws_eip" "nat" {
      + allocation_id        = (known after apply)
      + arn                  = (known after apply)
      + association_id       = (known after apply)
      + carrier_ip           = (known after apply)
      + customer_owned_ip    = (known after apply)
      + domain               = "vpc"
      + id                   = (known after apply)
      + instance             = (known after apply)
      + ipam_pool_id         = (known after apply)
      + network_border_group = (known after apply)
      + network_interface    = (known after apply)
      + private_dns          = (known after apply)
      + private_ip           = (known after apply)
      + ptr_record           = (known after apply)
      + public_dns           = (known after apply)
      + public_ip            = (known after apply)
      + public_ipv4_pool     = (known after apply)
      + region               = "us-east-1"
      + tags                 = {
          + "Name" = "kthw-aws-nat-eip"
        }
      + tags_all             = {
          + "Environment" = "k8s-learning"
          + "Name"        = "kthw-aws-nat-eip"
          + "Terraform"   = "True"
        }
    }

  # aws_iam_instance_profile.ssm_profile will be created
  + resource "aws_iam_instance_profile" "ssm_profile" {
      + arn         = (known after apply)
      + create_date = (known after apply)
      + id          = (known after apply)
      + name        = "kthw-aws-ssm-profile"
      + name_prefix = (known after apply)
      + path        = "/"
      + role        = "kthw-aws-ssm-role"
      + tags_all    = {
          + "Environment" = "k8s-learning"
          + "Terraform"   = "True"
        }
      + unique_id   = (known after apply)
    }

  # aws_iam_role.ssm_role will be created
  + resource "aws_iam_role" "ssm_role" {
      + arn                   = (known after apply)
      + assume_role_policy    = jsonencode(
            {
              + Statement = [
                  + {
                      + Action    = "sts:AssumeRole"
                      + Effect    = "Allow"
                      + Principal = {
                          + Service = "ec2.amazonaws.com"
                        }
                    },
                ]
              + Version   = "2012-10-17"
            }
        )
      + create_date           = (known after apply)
      + force_detach_policies = false
      + id                    = (known after apply)
      + managed_policy_arns   = (known after apply)
      + max_session_duration  = 3600
      + name                  = "kthw-aws-ssm-role"
      + name_prefix           = (known after apply)
      + path                  = "/"
      + tags_all              = {
          + "Environment" = "k8s-learning"
          + "Terraform"   = "True"
        }
      + unique_id             = (known after apply)

      + inline_policy (known after apply)
    }

  # aws_iam_role_policy_attachment.ssm_core will be created
  + resource "aws_iam_role_policy_attachment" "ssm_core" {
      + id         = (known after apply)
      + policy_arn = "arn:aws:iam::aws:policy/AmazonSSMManagedInstanceCore"
      + role       = "kthw-aws-ssm-role"
    }

  # aws_instance.cp[0] will be created
  + resource "aws_instance" "cp" {
      + ami                                  = "ami-04680790a315cd58d"
      + arn                                  = (known after apply)
      + associate_public_ip_address          = false
      + availability_zone                    = (known after apply)
      + disable_api_stop                     = (known after apply)
      + disable_api_termination              = (known after apply)
      + ebs_optimized                        = (known after apply)
      + enable_primary_ipv6                  = (known after apply)
      + force_destroy                        = false
      + get_password_data                    = false
      + host_id                              = (known after apply)
      + host_resource_group_arn              = (known after apply)
      + iam_instance_profile                 = "kthw-aws-ssm-profile"
      + id                                   = (known after apply)
      + instance_initiated_shutdown_behavior = (known after apply)
      + instance_lifecycle                   = (known after apply)
      + instance_state                       = (known after apply)
      + instance_type                        = "t3.medium"
      + ipv6_address_count                   = (known after apply)
      + ipv6_addresses                       = (known after apply)
      + key_name                             = (known after apply)
      + monitoring                           = (known after apply)
      + outpost_arn                          = (known after apply)
      + password_data                        = (known after apply)
      + placement_group                      = (known after apply)
      + placement_group_id                   = (known after apply)
      + placement_partition_number           = (known after apply)
      + primary_network_interface_id         = (known after apply)
      + private_dns                          = (known after apply)
      + private_ip                           = (known after apply)
      + public_dns                           = (known after apply)
      + public_ip                            = (known after apply)
      + region                               = "us-east-1"
      + secondary_private_ips                = (known after apply)
      + security_groups                      = (known after apply)
      + source_dest_check                    = true
      + spot_instance_request_id             = (known after apply)
      + subnet_id                            = (known after apply)
      + tags                                 = {
          + "Name" = "kthw-aws-cp-1"
          + "Role" = "control-plane"
        }
      + tags_all                             = {
          + "Environment" = "k8s-learning"
          + "Name"        = "kthw-aws-cp-1"
          + "Role"        = "control-plane"
          + "Terraform"   = "True"
        }
      + tenancy                              = (known after apply)
      + user_data                            = <<-EOT
            #!/bin/bash
            set -euo pipefail
            
            # Ensure snapd exists (Ubuntu usually has it, but just in case)
            if ! command -v snap >/dev/null 2>&1; then
              apt-get update -y
              apt-get install -y snapd
              systemctl enable --now snapd.socket || true
            fi
            
            # Install SSM agent via snap only if not installed
            if ! snap list amazon-ssm-agent >/dev/null 2>&1; then
              # known snap issue: timeout can happen, so retry a bit
              for i in 1 2 3; do
                snap install amazon-ssm-agent --classic && break || sleep 10
              done
            fi
            
            # Ensure service is started (snap name can be either of these)
            systemctl enable --now snap.amazon-ssm-agent.amazon-ssm-agent.service || true
            snap start amazon-ssm-agent || true
            
            # Quick status (won't fail the boot if it can't read status yet)
            snap services amazon-ssm-agent || true
        EOT
      + user_data_base64                     = (known after apply)
      + user_data_replace_on_change          = false
      + vpc_security_group_ids               = (known after apply)

      + capacity_reservation_specification (known after apply)

      + cpu_options (known after apply)

      + ebs_block_device (known after apply)

      + enclave_options (known after apply)

      + ephemeral_block_device (known after apply)

      + instance_market_options (known after apply)

      + maintenance_options (known after apply)

      + metadata_options (known after apply)

      + network_interface (known after apply)

      + primary_network_interface (known after apply)

      + private_dns_name_options (known after apply)

      + root_block_device (known after apply)

      + secondary_network_interface (known after apply)
    }

  # aws_instance.cp[1] will be created
  + resource "aws_instance" "cp" {
      + ami                                  = "ami-04680790a315cd58d"
      + arn                                  = (known after apply)
      + associate_public_ip_address          = false
      + availability_zone                    = (known after apply)
      + disable_api_stop                     = (known after apply)
      + disable_api_termination              = (known after apply)
      + ebs_optimized                        = (known after apply)
      + enable_primary_ipv6                  = (known after apply)
      + force_destroy                        = false
      + get_password_data                    = false
      + host_id                              = (known after apply)
      + host_resource_group_arn              = (known after apply)
      + iam_instance_profile                 = "kthw-aws-ssm-profile"
      + id                                   = (known after apply)
      + instance_initiated_shutdown_behavior = (known after apply)
      + instance_lifecycle                   = (known after apply)
      + instance_state                       = (known after apply)
      + instance_type                        = "t3.medium"
      + ipv6_address_count                   = (known after apply)
      + ipv6_addresses                       = (known after apply)
      + key_name                             = (known after apply)
      + monitoring                           = (known after apply)
      + outpost_arn                          = (known after apply)
      + password_data                        = (known after apply)
      + placement_group                      = (known after apply)
      + placement_group_id                   = (known after apply)
      + placement_partition_number           = (known after apply)
      + primary_network_interface_id         = (known after apply)
      + private_dns                          = (known after apply)
      + private_ip                           = (known after apply)
      + public_dns                           = (known after apply)
      + public_ip                            = (known after apply)
      + region                               = "us-east-1"
      + secondary_private_ips                = (known after apply)
      + security_groups                      = (known after apply)
      + source_dest_check                    = true
      + spot_instance_request_id             = (known after apply)
      + subnet_id                            = (known after apply)
      + tags                                 = {
          + "Name" = "kthw-aws-cp-2"
          + "Role" = "control-plane"
        }
      + tags_all                             = {
          + "Environment" = "k8s-learning"
          + "Name"        = "kthw-aws-cp-2"
          + "Role"        = "control-plane"
          + "Terraform"   = "True"
        }
      + tenancy                              = (known after apply)
      + user_data                            = <<-EOT
            #!/bin/bash
            set -euo pipefail
            
            # Ensure snapd exists (Ubuntu usually has it, but just in case)
            if ! command -v snap >/dev/null 2>&1; then
              apt-get update -y
              apt-get install -y snapd
              systemctl enable --now snapd.socket || true
            fi
            
            # Install SSM agent via snap only if not installed
            if ! snap list amazon-ssm-agent >/dev/null 2>&1; then
              # known snap issue: timeout can happen, so retry a bit
              for i in 1 2 3; do
                snap install amazon-ssm-agent --classic && break || sleep 10
              done
            fi
            
            # Ensure service is started (snap name can be either of these)
            systemctl enable --now snap.amazon-ssm-agent.amazon-ssm-agent.service || true
            snap start amazon-ssm-agent || true
            
            # Quick status (won't fail the boot if it can't read status yet)
            snap services amazon-ssm-agent || true
        EOT
      + user_data_base64                     = (known after apply)
      + user_data_replace_on_change          = false
      + vpc_security_group_ids               = (known after apply)

      + capacity_reservation_specification (known after apply)

      + cpu_options (known after apply)

      + ebs_block_device (known after apply)

      + enclave_options (known after apply)

      + ephemeral_block_device (known after apply)

      + instance_market_options (known after apply)

      + maintenance_options (known after apply)

      + metadata_options (known after apply)

      + network_interface (known after apply)

      + primary_network_interface (known after apply)

      + private_dns_name_options (known after apply)

      + root_block_device (known after apply)

      + secondary_network_interface (known after apply)
    }

  # aws_instance.cp[2] will be created
  + resource "aws_instance" "cp" {
      + ami                                  = "ami-04680790a315cd58d"
      + arn                                  = (known after apply)
      + associate_public_ip_address          = false
      + availability_zone                    = (known after apply)
      + disable_api_stop                     = (known after apply)
      + disable_api_termination              = (known after apply)
      + ebs_optimized                        = (known after apply)
      + enable_primary_ipv6                  = (known after apply)
      + force_destroy                        = false
      + get_password_data                    = false
      + host_id                              = (known after apply)
      + host_resource_group_arn              = (known after apply)
      + iam_instance_profile                 = "kthw-aws-ssm-profile"
      + id                                   = (known after apply)
      + instance_initiated_shutdown_behavior = (known after apply)
      + instance_lifecycle                   = (known after apply)
      + instance_state                       = (known after apply)
      + instance_type                        = "t3.medium"
      + ipv6_address_count                   = (known after apply)
      + ipv6_addresses                       = (known after apply)
      + key_name                             = (known after apply)
      + monitoring                           = (known after apply)
      + outpost_arn                          = (known after apply)
      + password_data                        = (known after apply)
      + placement_group                      = (known after apply)
      + placement_group_id                   = (known after apply)
      + placement_partition_number           = (known after apply)
      + primary_network_interface_id         = (known after apply)
      + private_dns                          = (known after apply)
      + private_ip                           = (known after apply)
      + public_dns                           = (known after apply)
      + public_ip                            = (known after apply)
      + region                               = "us-east-1"
      + secondary_private_ips                = (known after apply)
      + security_groups                      = (known after apply)
      + source_dest_check                    = true
      + spot_instance_request_id             = (known after apply)
      + subnet_id                            = (known after apply)
      + tags                                 = {
          + "Name" = "kthw-aws-cp-3"
          + "Role" = "control-plane"
        }
      + tags_all                             = {
          + "Environment" = "k8s-learning"
          + "Name"        = "kthw-aws-cp-3"
          + "Role"        = "control-plane"
          + "Terraform"   = "True"
        }
      + tenancy                              = (known after apply)
      + user_data                            = <<-EOT
            #!/bin/bash
            set -euo pipefail
            
            # Ensure snapd exists (Ubuntu usually has it, but just in case)
            if ! command -v snap >/dev/null 2>&1; then
              apt-get update -y
              apt-get install -y snapd
              systemctl enable --now snapd.socket || true
            fi
            
            # Install SSM agent via snap only if not installed
            if ! snap list amazon-ssm-agent >/dev/null 2>&1; then
              # known snap issue: timeout can happen, so retry a bit
              for i in 1 2 3; do
                snap install amazon-ssm-agent --classic && break || sleep 10
              done
            fi
            
            # Ensure service is started (snap name can be either of these)
            systemctl enable --now snap.amazon-ssm-agent.amazon-ssm-agent.service || true
            snap start amazon-ssm-agent || true
            
            # Quick status (won't fail the boot if it can't read status yet)
            snap services amazon-ssm-agent || true
        EOT
      + user_data_base64                     = (known after apply)
      + user_data_replace_on_change          = false
      + vpc_security_group_ids               = (known after apply)

      + capacity_reservation_specification (known after apply)

      + cpu_options (known after apply)

      + ebs_block_device (known after apply)

      + enclave_options (known after apply)

      + ephemeral_block_device (known after apply)

      + instance_market_options (known after apply)

      + maintenance_options (known after apply)

      + metadata_options (known after apply)

      + network_interface (known after apply)

      + primary_network_interface (known after apply)

      + private_dns_name_options (known after apply)

      + root_block_device (known after apply)

      + secondary_network_interface (known after apply)
    }

  # aws_instance.wk[0] will be created
  + resource "aws_instance" "wk" {
      + ami                                  = "ami-04680790a315cd58d"
      + arn                                  = (known after apply)
      + associate_public_ip_address          = false
      + availability_zone                    = (known after apply)
      + disable_api_stop                     = (known after apply)
      + disable_api_termination              = (known after apply)
      + ebs_optimized                        = (known after apply)
      + enable_primary_ipv6                  = (known after apply)
      + force_destroy                        = false
      + get_password_data                    = false
      + host_id                              = (known after apply)
      + host_resource_group_arn              = (known after apply)
      + iam_instance_profile                 = "kthw-aws-ssm-profile"
      + id                                   = (known after apply)
      + instance_initiated_shutdown_behavior = (known after apply)
      + instance_lifecycle                   = (known after apply)
      + instance_state                       = (known after apply)
      + instance_type                        = "t3.medium"
      + ipv6_address_count                   = (known after apply)
      + ipv6_addresses                       = (known after apply)
      + key_name                             = (known after apply)
      + monitoring                           = (known after apply)
      + outpost_arn                          = (known after apply)
      + password_data                        = (known after apply)
      + placement_group                      = (known after apply)
      + placement_group_id                   = (known after apply)
      + placement_partition_number           = (known after apply)
      + primary_network_interface_id         = (known after apply)
      + private_dns                          = (known after apply)
      + private_ip                           = (known after apply)
      + public_dns                           = (known after apply)
      + public_ip                            = (known after apply)
      + region                               = "us-east-1"
      + secondary_private_ips                = (known after apply)
      + security_groups                      = (known after apply)
      + source_dest_check                    = true
      + spot_instance_request_id             = (known after apply)
      + subnet_id                            = (known after apply)
      + tags                                 = {
          + "Name" = "kthw-aws-wk-1"
          + "Role" = "worker"
        }
      + tags_all                             = {
          + "Environment" = "k8s-learning"
          + "Name"        = "kthw-aws-wk-1"
          + "Role"        = "worker"
          + "Terraform"   = "True"
        }
      + tenancy                              = (known after apply)
      + user_data                            = <<-EOT
            #!/bin/bash
            set -euo pipefail
            
            # Ensure snapd exists (Ubuntu usually has it, but just in case)
            if ! command -v snap >/dev/null 2>&1; then
              apt-get update -y
              apt-get install -y snapd
              systemctl enable --now snapd.socket || true
            fi
            
            # Install SSM agent via snap only if not installed
            if ! snap list amazon-ssm-agent >/dev/null 2>&1; then
              # known snap issue: timeout can happen, so retry a bit
              for i in 1 2 3; do
                snap install amazon-ssm-agent --classic && break || sleep 10
              done
            fi
            
            # Ensure service is started (snap name can be either of these)
            systemctl enable --now snap.amazon-ssm-agent.amazon-ssm-agent.service || true
            snap start amazon-ssm-agent || true
            
            # Quick status (won't fail the boot if it can't read status yet)
            snap services amazon-ssm-agent || true
        EOT
      + user_data_base64                     = (known after apply)
      + user_data_replace_on_change          = false
      + vpc_security_group_ids               = (known after apply)

      + capacity_reservation_specification (known after apply)

      + cpu_options (known after apply)

      + ebs_block_device (known after apply)

      + enclave_options (known after apply)

      + ephemeral_block_device (known after apply)

      + instance_market_options (known after apply)

      + maintenance_options (known after apply)

      + metadata_options (known after apply)

      + network_interface (known after apply)

      + primary_network_interface (known after apply)

      + private_dns_name_options (known after apply)

      + root_block_device (known after apply)

      + secondary_network_interface (known after apply)
    }

  # aws_instance.wk[1] will be created
  + resource "aws_instance" "wk" {
      + ami                                  = "ami-04680790a315cd58d"
      + arn                                  = (known after apply)
      + associate_public_ip_address          = false
      + availability_zone                    = (known after apply)
      + disable_api_stop                     = (known after apply)
      + disable_api_termination              = (known after apply)
      + ebs_optimized                        = (known after apply)
      + enable_primary_ipv6                  = (known after apply)
      + force_destroy                        = false
      + get_password_data                    = false
      + host_id                              = (known after apply)
      + host_resource_group_arn              = (known after apply)
      + iam_instance_profile                 = "kthw-aws-ssm-profile"
      + id                                   = (known after apply)
      + instance_initiated_shutdown_behavior = (known after apply)
      + instance_lifecycle                   = (known after apply)
      + instance_state                       = (known after apply)
      + instance_type                        = "t3.medium"
      + ipv6_address_count                   = (known after apply)
      + ipv6_addresses                       = (known after apply)
      + key_name                             = (known after apply)
      + monitoring                           = (known after apply)
      + outpost_arn                          = (known after apply)
      + password_data                        = (known after apply)
      + placement_group                      = (known after apply)
      + placement_group_id                   = (known after apply)
      + placement_partition_number           = (known after apply)
      + primary_network_interface_id         = (known after apply)
      + private_dns                          = (known after apply)
      + private_ip                           = (known after apply)
      + public_dns                           = (known after apply)
      + public_ip                            = (known after apply)
      + region                               = "us-east-1"
      + secondary_private_ips                = (known after apply)
      + security_groups                      = (known after apply)
      + source_dest_check                    = true
      + spot_instance_request_id             = (known after apply)
      + subnet_id                            = (known after apply)
      + tags                                 = {
          + "Name" = "kthw-aws-wk-2"
          + "Role" = "worker"
        }
      + tags_all                             = {
          + "Environment" = "k8s-learning"
          + "Name"        = "kthw-aws-wk-2"
          + "Role"        = "worker"
          + "Terraform"   = "True"
        }
      + tenancy                              = (known after apply)
      + user_data                            = <<-EOT
            #!/bin/bash
            set -euo pipefail
            
            # Ensure snapd exists (Ubuntu usually has it, but just in case)
            if ! command -v snap >/dev/null 2>&1; then
              apt-get update -y
              apt-get install -y snapd
              systemctl enable --now snapd.socket || true
            fi
            
            # Install SSM agent via snap only if not installed
            if ! snap list amazon-ssm-agent >/dev/null 2>&1; then
              # known snap issue: timeout can happen, so retry a bit
              for i in 1 2 3; do
                snap install amazon-ssm-agent --classic && break || sleep 10
              done
            fi
            
            # Ensure service is started (snap name can be either of these)
            systemctl enable --now snap.amazon-ssm-agent.amazon-ssm-agent.service || true
            snap start amazon-ssm-agent || true
            
            # Quick status (won't fail the boot if it can't read status yet)
            snap services amazon-ssm-agent || true
        EOT
      + user_data_base64                     = (known after apply)
      + user_data_replace_on_change          = false
      + vpc_security_group_ids               = (known after apply)

      + capacity_reservation_specification (known after apply)

      + cpu_options (known after apply)

      + ebs_block_device (known after apply)

      + enclave_options (known after apply)

      + ephemeral_block_device (known after apply)

      + instance_market_options (known after apply)

      + maintenance_options (known after apply)

      + metadata_options (known after apply)

      + network_interface (known after apply)

      + primary_network_interface (known after apply)

      + private_dns_name_options (known after apply)

      + root_block_device (known after apply)

      + secondary_network_interface (known after apply)
    }

  # aws_instance.wk[2] will be created
  + resource "aws_instance" "wk" {
      + ami                                  = "ami-04680790a315cd58d"
      + arn                                  = (known after apply)
      + associate_public_ip_address          = false
      + availability_zone                    = (known after apply)
      + disable_api_stop                     = (known after apply)
      + disable_api_termination              = (known after apply)
      + ebs_optimized                        = (known after apply)
      + enable_primary_ipv6                  = (known after apply)
      + force_destroy                        = false
      + get_password_data                    = false
      + host_id                              = (known after apply)
      + host_resource_group_arn              = (known after apply)
      + iam_instance_profile                 = "kthw-aws-ssm-profile"
      + id                                   = (known after apply)
      + instance_initiated_shutdown_behavior = (known after apply)
      + instance_lifecycle                   = (known after apply)
      + instance_state                       = (known after apply)
      + instance_type                        = "t3.medium"
      + ipv6_address_count                   = (known after apply)
      + ipv6_addresses                       = (known after apply)
      + key_name                             = (known after apply)
      + monitoring                           = (known after apply)
      + outpost_arn                          = (known after apply)
      + password_data                        = (known after apply)
      + placement_group                      = (known after apply)
      + placement_group_id                   = (known after apply)
      + placement_partition_number           = (known after apply)
      + primary_network_interface_id         = (known after apply)
      + private_dns                          = (known after apply)
      + private_ip                           = (known after apply)
      + public_dns                           = (known after apply)
      + public_ip                            = (known after apply)
      + region                               = "us-east-1"
      + secondary_private_ips                = (known after apply)
      + security_groups                      = (known after apply)
      + source_dest_check                    = true
      + spot_instance_request_id             = (known after apply)
      + subnet_id                            = (known after apply)
      + tags                                 = {
          + "Name" = "kthw-aws-wk-3"
          + "Role" = "worker"
        }
      + tags_all                             = {
          + "Environment" = "k8s-learning"
          + "Name"        = "kthw-aws-wk-3"
          + "Role"        = "worker"
          + "Terraform"   = "True"
        }
      + tenancy                              = (known after apply)
      + user_data                            = <<-EOT
            #!/bin/bash
            set -euo pipefail
            
            # Ensure snapd exists (Ubuntu usually has it, but just in case)
            if ! command -v snap >/dev/null 2>&1; then
              apt-get update -y
              apt-get install -y snapd
              systemctl enable --now snapd.socket || true
            fi
            
            # Install SSM agent via snap only if not installed
            if ! snap list amazon-ssm-agent >/dev/null 2>&1; then
              # known snap issue: timeout can happen, so retry a bit
              for i in 1 2 3; do
                snap install amazon-ssm-agent --classic && break || sleep 10
              done
            fi
            
            # Ensure service is started (snap name can be either of these)
            systemctl enable --now snap.amazon-ssm-agent.amazon-ssm-agent.service || true
            snap start amazon-ssm-agent || true
            
            # Quick status (won't fail the boot if it can't read status yet)
            snap services amazon-ssm-agent || true
        EOT
      + user_data_base64                     = (known after apply)
      + user_data_replace_on_change          = false
      + vpc_security_group_ids               = (known after apply)

      + capacity_reservation_specification (known after apply)

      + cpu_options (known after apply)

      + ebs_block_device (known after apply)

      + enclave_options (known after apply)

      + ephemeral_block_device (known after apply)

      + instance_market_options (known after apply)

      + maintenance_options (known after apply)

      + metadata_options (known after apply)

      + network_interface (known after apply)

      + primary_network_interface (known after apply)

      + private_dns_name_options (known after apply)

      + root_block_device (known after apply)

      + secondary_network_interface (known after apply)
    }

  # aws_internet_gateway.igw will be created
  + resource "aws_internet_gateway" "igw" {
      + arn      = (known after apply)
      + id       = (known after apply)
      + owner_id = (known after apply)
      + region   = "us-east-1"
      + tags     = {
          + "Name" = "kthw-aws-igw"
        }
      + tags_all = {
          + "Environment" = "k8s-learning"
          + "Name"        = "kthw-aws-igw"
          + "Terraform"   = "True"
        }
      + vpc_id   = (known after apply)
    }

  # aws_lb.api will be created
  + resource "aws_lb" "api" {
      + arn                                                          = (known after apply)
      + arn_suffix                                                   = (known after apply)
      + dns_name                                                     = (known after apply)
      + dns_record_client_routing_policy                             = "any_availability_zone"
      + enable_cross_zone_load_balancing                             = false
      + enable_deletion_protection                                   = false
      + enable_zonal_shift                                           = false
      + enforce_security_group_inbound_rules_on_private_link_traffic = (known after apply)
      + id                                                           = (known after apply)
      + internal                                                     = (known after apply)
      + ip_address_type                                              = (known after apply)
      + load_balancer_type                                           = "network"
      + name                                                         = "kthw-aws-api"
      + name_prefix                                                  = (known after apply)
      + region                                                       = "us-east-1"
      + secondary_ips_auto_assigned_per_subnet                       = (known after apply)
      + security_groups                                              = (known after apply)
      + subnets                                                      = (known after apply)
      + tags                                                         = {
          + "Name" = "kthw-aws-api-nlb"
        }
      + tags_all                                                     = {
          + "Environment" = "k8s-learning"
          + "Name"        = "kthw-aws-api-nlb"
          + "Terraform"   = "True"
        }
      + vpc_id                                                       = (known after apply)
      + zone_id                                                      = (known after apply)

      + subnet_mapping (known after apply)
    }

  # aws_lb_listener.api will be created
  + resource "aws_lb_listener" "api" {
      + arn                                                                   = (known after apply)
      + id                                                                    = (known after apply)
      + load_balancer_arn                                                     = (known after apply)
      + port                                                                  = 6443
      + protocol                                                              = "TCP"
      + region                                                                = "us-east-1"
      + routing_http_request_x_amzn_mtls_clientcert_header_name               = (known after apply)
      + routing_http_request_x_amzn_mtls_clientcert_issuer_header_name        = (known after apply)
      + routing_http_request_x_amzn_mtls_clientcert_leaf_header_name          = (known after apply)
      + routing_http_request_x_amzn_mtls_clientcert_serial_number_header_name = (known after apply)
      + routing_http_request_x_amzn_mtls_clientcert_subject_header_name       = (known after apply)
      + routing_http_request_x_amzn_mtls_clientcert_validity_header_name      = (known after apply)
      + routing_http_request_x_amzn_tls_cipher_suite_header_name              = (known after apply)
      + routing_http_request_x_amzn_tls_version_header_name                   = (known after apply)
      + routing_http_response_access_control_allow_credentials_header_value   = (known after apply)
      + routing_http_response_access_control_allow_headers_header_value       = (known after apply)
      + routing_http_response_access_control_allow_methods_header_value       = (known after apply)
      + routing_http_response_access_control_allow_origin_header_value        = (known after apply)
      + routing_http_response_access_control_expose_headers_header_value      = (known after apply)
      + routing_http_response_access_control_max_age_header_value             = (known after apply)
      + routing_http_response_content_security_policy_header_value            = (known after apply)
      + routing_http_response_server_enabled                                  = (known after apply)
      + routing_http_response_strict_transport_security_header_value          = (known after apply)
      + routing_http_response_x_content_type_options_header_value             = (known after apply)
      + routing_http_response_x_frame_options_header_value                    = (known after apply)
      + ssl_policy                                                            = (known after apply)
      + tags_all                                                              = {
          + "Environment" = "k8s-learning"
          + "Terraform"   = "True"
        }
      + tcp_idle_timeout_seconds                                              = (known after apply)

      + default_action {
          + order            = (known after apply)
          + target_group_arn = (known after apply)
          + type             = "forward"
        }

      + mutual_authentication (known after apply)
    }

  # aws_lb_target_group.api will be created
  + resource "aws_lb_target_group" "api" {
      + arn                                = (known after apply)
      + arn_suffix                         = (known after apply)
      + connection_termination             = (known after apply)
      + deregistration_delay               = "300"
      + id                                 = (known after apply)
      + ip_address_type                    = (known after apply)
      + lambda_multi_value_headers_enabled = false
      + load_balancer_arns                 = (known after apply)
      + load_balancing_algorithm_type      = (known after apply)
      + load_balancing_anomaly_mitigation  = (known after apply)
      + load_balancing_cross_zone_enabled  = (known after apply)
      + name                               = "kthw-aws-api-tg"
      + name_prefix                        = (known after apply)
      + port                               = 6443
      + preserve_client_ip                 = (known after apply)
      + protocol                           = "TCP"
      + protocol_version                   = (known after apply)
      + proxy_protocol_v2                  = false
      + region                             = "us-east-1"
      + slow_start                         = 0
      + tags                               = {
          + "Name" = "kthw-aws-api-tg"
        }
      + tags_all                           = {
          + "Environment" = "k8s-learning"
          + "Name"        = "kthw-aws-api-tg"
          + "Terraform"   = "True"
        }
      + target_type                        = "instance"
      + vpc_id                             = (known after apply)

      + health_check {
          + enabled             = true
          + healthy_threshold   = 3
          + interval            = 30
          + matcher             = (known after apply)
          + path                = (known after apply)
          + port                = "6443"
          + protocol            = "TCP"
          + timeout             = (known after apply)
          + unhealthy_threshold = 3
        }

      + stickiness (known after apply)

      + target_failover (known after apply)

      + target_group_health (known after apply)

      + target_health_state (known after apply)
    }

  # aws_lb_target_group_attachment.cp_attach[0] will be created
  + resource "aws_lb_target_group_attachment" "cp_attach" {
      + id               = (known after apply)
      + port             = 6443
      + region           = "us-east-1"
      + target_group_arn = (known after apply)
      + target_id        = (known after apply)
    }

  # aws_lb_target_group_attachment.cp_attach[1] will be created
  + resource "aws_lb_target_group_attachment" "cp_attach" {
      + id               = (known after apply)
      + port             = 6443
      + region           = "us-east-1"
      + target_group_arn = (known after apply)
      + target_id        = (known after apply)
    }

  # aws_lb_target_group_attachment.cp_attach[2] will be created
  + resource "aws_lb_target_group_attachment" "cp_attach" {
      + id               = (known after apply)
      + port             = 6443
      + region           = "us-east-1"
      + target_group_arn = (known after apply)
      + target_id        = (known after apply)
    }

  # aws_nat_gateway.nat will be created
  + resource "aws_nat_gateway" "nat" {
      + allocation_id                      = (known after apply)
      + association_id                     = (known after apply)
      + auto_provision_zones               = (known after apply)
      + auto_scaling_ips                   = (known after apply)
      + availability_mode                  = (known after apply)
      + connectivity_type                  = "public"
      + id                                 = (known after apply)
      + network_interface_id               = (known after apply)
      + private_ip                         = (known after apply)
      + public_ip                          = (known after apply)
      + region                             = "us-east-1"
      + regional_nat_gateway_address       = (known after apply)
      + regional_nat_gateway_auto_mode     = (known after apply)
      + route_table_id                     = (known after apply)
      + secondary_allocation_ids           = (known after apply)
      + secondary_private_ip_address_count = (known after apply)
      + secondary_private_ip_addresses     = (known after apply)
      + subnet_id                          = (known after apply)
      + tags                               = {
          + "Name" = "kthw-aws-nat"
        }
      + tags_all                           = {
          + "Environment" = "k8s-learning"
          + "Name"        = "kthw-aws-nat"
          + "Terraform"   = "True"
        }
      + vpc_id                             = (known after apply)
    }

  # aws_route.private_default will be created
  + resource "aws_route" "private_default" {
      + destination_cidr_block = "0.0.0.0/0"
      + id                     = (known after apply)
      + instance_id            = (known after apply)
      + instance_owner_id      = (known after apply)
      + nat_gateway_id         = (known after apply)
      + network_interface_id   = (known after apply)
      + origin                 = (known after apply)
      + region                 = "us-east-1"
      + route_table_id         = (known after apply)
      + state                  = (known after apply)
    }

  # aws_route.public_default will be created
  + resource "aws_route" "public_default" {
      + destination_cidr_block = "0.0.0.0/0"
      + gateway_id             = (known after apply)
      + id                     = (known after apply)
      + instance_id            = (known after apply)
      + instance_owner_id      = (known after apply)
      + network_interface_id   = (known after apply)
      + origin                 = (known after apply)
      + region                 = "us-east-1"
      + route_table_id         = (known after apply)
      + state                  = (known after apply)
    }

  # aws_route_table.private will be created
  + resource "aws_route_table" "private" {
      + arn              = (known after apply)
      + id               = (known after apply)
      + owner_id         = (known after apply)
      + propagating_vgws = (known after apply)
      + region           = "us-east-1"
      + route            = (known after apply)
      + tags             = {
          + "Name" = "kthw-aws-private-rt"
        }
      + tags_all         = {
          + "Environment" = "k8s-learning"
          + "Name"        = "kthw-aws-private-rt"
          + "Terraform"   = "True"
        }
      + vpc_id           = (known after apply)
    }

  # aws_route_table.public will be created
  + resource "aws_route_table" "public" {
      + arn              = (known after apply)
      + id               = (known after apply)
      + owner_id         = (known after apply)
      + propagating_vgws = (known after apply)
      + region           = "us-east-1"
      + route            = (known after apply)
      + tags             = {
          + "Name" = "kthw-aws-public-rt"
        }
      + tags_all         = {
          + "Environment" = "k8s-learning"
          + "Name"        = "kthw-aws-public-rt"
          + "Terraform"   = "True"
        }
      + vpc_id           = (known after apply)
    }

  # aws_route_table_association.private_assoc will be created
  + resource "aws_route_table_association" "private_assoc" {
      + id             = (known after apply)
      + region         = "us-east-1"
      + route_table_id = (known after apply)
      + subnet_id      = (known after apply)
    }

  # aws_route_table_association.public_assoc will be created
  + resource "aws_route_table_association" "public_assoc" {
      + id             = (known after apply)
      + region         = "us-east-1"
      + route_table_id = (known after apply)
      + subnet_id      = (known after apply)
    }

  # aws_security_group.cp will be created
  + resource "aws_security_group" "cp" {
      + arn                    = (known after apply)
      + description            = "Managed by Terraform"
      + egress                 = [
          + {
              + cidr_blocks      = [
                  + "0.0.0.0/0",
                ]
              + description      = "Allow all egress"
              + from_port        = 0
              + ipv6_cidr_blocks = []
              + prefix_list_ids  = []
              + protocol         = "-1"
              + security_groups  = []
              + self             = false
              + to_port          = 0
            },
        ]
      + id                     = (known after apply)
      + ingress                = [
          + {
              + cidr_blocks      = [
                  + "10.0.0.0/16",
                ]
              + description      = "All traffic within VPC (lab)"
              + from_port        = 0
              + ipv6_cidr_blocks = []
              + prefix_list_ids  = []
              + protocol         = "-1"
              + security_groups  = []
              + self             = false
              + to_port          = 0
            },
          + {
              + cidr_blocks      = [
                  + "10.0.0.0/16",
                ]
              + description      = "etcd"
              + from_port        = 2379
              + ipv6_cidr_blocks = []
              + prefix_list_ids  = []
              + protocol         = "tcp"
              + security_groups  = []
              + self             = false
              + to_port          = 2380
            },
          + {
              + cidr_blocks      = [
                  + "10.0.0.0/16",
                ]
              + description      = "kube-controller-manager"
              + from_port        = 10257
              + ipv6_cidr_blocks = []
              + prefix_list_ids  = []
              + protocol         = "tcp"
              + security_groups  = []
              + self             = false
              + to_port          = 10257
            },
          + {
              + cidr_blocks      = [
                  + "10.0.0.0/16",
                ]
              + description      = "kube-scheduler"
              + from_port        = 10259
              + ipv6_cidr_blocks = []
              + prefix_list_ids  = []
              + protocol         = "tcp"
              + security_groups  = []
              + self             = false
              + to_port          = 10259
            },
          + {
              + cidr_blocks      = [
                  + "10.0.0.0/16",
                ]
              + description      = "kubelet"
              + from_port        = 10250
              + ipv6_cidr_blocks = []
              + prefix_list_ids  = []
              + protocol         = "tcp"
              + security_groups  = []
              + self             = false
              + to_port          = 10250
            },
          + {
              + cidr_blocks      = [
                  + "104.30.134.142/32",
                ]
              + description      = "Kubernetes API"
              + from_port        = 6443
              + ipv6_cidr_blocks = []
              + prefix_list_ids  = []
              + protocol         = "tcp"
              + security_groups  = []
              + self             = false
              + to_port          = 6443
            },
        ]
      + name                   = "kthw-aws-cp-sg"
      + name_prefix            = (known after apply)
      + owner_id               = (known after apply)
      + region                 = "us-east-1"
      + revoke_rules_on_delete = false
      + tags                   = {
          + "Name" = "kthw-aws-cp-sg"
        }
      + tags_all               = {
          + "Environment" = "k8s-learning"
          + "Name"        = "kthw-aws-cp-sg"
          + "Terraform"   = "True"
        }
      + vpc_id                 = (known after apply)
    }

  # aws_security_group.wk will be created
  + resource "aws_security_group" "wk" {
      + arn                    = (known after apply)
      + description            = "Managed by Terraform"
      + egress                 = [
          + {
              + cidr_blocks      = [
                  + "0.0.0.0/0",
                ]
              + description      = "Allow all egress"
              + from_port        = 0
              + ipv6_cidr_blocks = []
              + prefix_list_ids  = []
              + protocol         = "-1"
              + security_groups  = []
              + self             = false
              + to_port          = 0
            },
        ]
      + id                     = (known after apply)
      + ingress                = [
          + {
              + cidr_blocks      = [
                  + "10.0.0.0/16",
                ]
              + description      = "All traffic within VPC (lab)"
              + from_port        = 0
              + ipv6_cidr_blocks = []
              + prefix_list_ids  = []
              + protocol         = "-1"
              + security_groups  = []
              + self             = false
              + to_port          = 0
            },
          + {
              + cidr_blocks      = [
                  + "10.0.0.0/16",
                ]
              + description      = "NodePort services"
              + from_port        = 30000
              + ipv6_cidr_blocks = []
              + prefix_list_ids  = []
              + protocol         = "tcp"
              + security_groups  = []
              + self             = false
              + to_port          = 32767
            },
          + {
              + cidr_blocks      = [
                  + "10.0.0.0/16",
                ]
              + description      = "kubelet"
              + from_port        = 10250
              + ipv6_cidr_blocks = []
              + prefix_list_ids  = []
              + protocol         = "tcp"
              + security_groups  = []
              + self             = false
              + to_port          = 10250
            },
        ]
      + name                   = "kthw-aws-wk-sg"
      + name_prefix            = (known after apply)
      + owner_id               = (known after apply)
      + region                 = "us-east-1"
      + revoke_rules_on_delete = false
      + tags                   = {
          + "Name" = "kthw-aws-wk-sg"
        }
      + tags_all               = {
          + "Environment" = "k8s-learning"
          + "Name"        = "kthw-aws-wk-sg"
          + "Terraform"   = "True"
        }
      + vpc_id                 = (known after apply)
    }

  # aws_subnet.private will be created
  + resource "aws_subnet" "private" {
      + arn                                            = (known after apply)
      + assign_ipv6_address_on_creation                = false
      + availability_zone                              = "us-east-1a"
      + availability_zone_id                           = (known after apply)
      + cidr_block                                     = "10.0.2.0/24"
      + enable_dns64                                   = false
      + enable_resource_name_dns_a_record_on_launch    = false
      + enable_resource_name_dns_aaaa_record_on_launch = false
      + id                                             = (known after apply)
      + ipv6_cidr_block                                = (known after apply)
      + ipv6_cidr_block_association_id                 = (known after apply)
      + ipv6_native                                    = false
      + map_public_ip_on_launch                        = false
      + owner_id                                       = (known after apply)
      + private_dns_hostname_type_on_launch            = (known after apply)
      + region                                         = "us-east-1"
      + tags                                           = {
          + "Name" = "kthw-aws-private"
        }
      + tags_all                                       = {
          + "Environment" = "k8s-learning"
          + "Name"        = "kthw-aws-private"
          + "Terraform"   = "True"
        }
      + vpc_id                                         = (known after apply)
    }

  # aws_subnet.public will be created
  + resource "aws_subnet" "public" {
      + arn                                            = (known after apply)
      + assign_ipv6_address_on_creation                = false
      + availability_zone                              = "us-east-1a"
      + availability_zone_id                           = (known after apply)
      + cidr_block                                     = "10.0.1.0/24"
      + enable_dns64                                   = false
      + enable_resource_name_dns_a_record_on_launch    = false
      + enable_resource_name_dns_aaaa_record_on_launch = false
      + id                                             = (known after apply)
      + ipv6_cidr_block                                = (known after apply)
      + ipv6_cidr_block_association_id                 = (known after apply)
      + ipv6_native                                    = false
      + map_public_ip_on_launch                        = true
      + owner_id                                       = (known after apply)
      + private_dns_hostname_type_on_launch            = (known after apply)
      + region                                         = "us-east-1"
      + tags                                           = {
          + "Name" = "kthw-aws-public"
        }
      + tags_all                                       = {
          + "Environment" = "k8s-learning"
          + "Name"        = "kthw-aws-public"
          + "Terraform"   = "True"
        }
      + vpc_id                                         = (known after apply)
    }

  # aws_vpc.this will be created
  + resource "aws_vpc" "this" {
      + arn                                  = (known after apply)
      + cidr_block                           = "10.0.0.0/16"
      + default_network_acl_id               = (known after apply)
      + default_route_table_id               = (known after apply)
      + default_security_group_id            = (known after apply)
      + dhcp_options_id                      = (known after apply)
      + enable_dns_hostnames                 = true
      + enable_dns_support                   = true
      + enable_network_address_usage_metrics = (known after apply)
      + id                                   = (known after apply)
      + instance_tenancy                     = "default"
      + ipv6_association_id                  = (known after apply)
      + ipv6_cidr_block                      = (known after apply)
      + ipv6_cidr_block_network_border_group = (known after apply)
      + main_route_table_id                  = (known after apply)
      + owner_id                             = (known after apply)
      + region                               = "us-east-1"
      + tags                                 = {
          + "Name" = "kthw-aws"
        }
      + tags_all                             = {
          + "Environment" = "k8s-learning"
          + "Name"        = "kthw-aws"
          + "Terraform"   = "True"
        }
    }

Plan: 29 to add, 0 to change, 0 to destroy.

Changes to Outputs:
  + api_nlb_dns       = (known after apply)
  + cp_instance_ids   = [
      + (known after apply),
      + (known after apply),
      + (known after apply),
    ]
  + cp_private_ips    = [
      + (known after apply),
      + (known after apply),
      + (known after apply),
    ]
  + private_subnet_id = (known after apply)
  + public_subnet_id  = (known after apply)
  + vpc_id            = (known after apply)
  + wk_instance_ids   = [
      + (known after apply),
      + (known after apply),
      + (known after apply),
    ]
  + wk_private_ips    = [
      + (known after apply),
      + (known after apply),
      + (known after apply),
    ]

─────────────────────────────────────────────────────────────────────────────

Note: You didn't use the -out option to save this plan, so Terraform can't
guarantee to take exactly these actions if you run "terraform apply" now.
